
Microsoft Visual Studio Solution File, Format Version 12.00
# Visual Studio 15
VisualStudioVersion = 15.0.28307.421
MinimumVisualStudioVersion = 10.0.40219.1
Project("{FAE04EC0-301F-11D3-BF4B-00C04F79EFBC}") = "OfficeInterop.ExcelSample.T04", "OfficeInterop.ExcelSample.T04\OfficeInterop.ExcelSample.T04.csproj", "{9EA0A845-F3CF-49B8-B15C-D632E81AF9DC}"
EndProject
Global
	GlobalSection(SolutionConfigurationPlatforms) = preSolution
		Debug|Any CPU = Debug|Any CPU
		Release|Any CPU = Release|Any CPU
	EndGlobalSection
	GlobalSection(ProjectConfigurationPlatforms) = postSolution
		{9EA0A845-F3CF-49B8-B15C-D632E81AF9DC}.Debug|Any CPU.ActiveCfg = Debug|Any CPU
		{9EA0A845-F3CF-49B8-B15C-D632E81AF9DC}.Debug|Any CPU.Build.0 = Debug|Any CPU
		{9EA0A845-F3CF-49B8-B15C-D632E81AF9DC}.Release|Any CPU.ActiveCfg = Release|Any CPU
		{9EA0A845-F3CF-49B8-B15C-D632E81AF9DC}.Release|Any CPU.Build.0 = Release|Any CPU
	EndGlobalSection
	GlobalSection(SolutionProperties) = preSolution
		HideSolutionNode = FALSE
	EndGlobalSection
	GlobalSection(ExtensibilityGlobals) = postSolution
		SolutionGuid = {CD842B25-8A29-4749-A6E1-BDD7D2ED8330}
	EndGlobalSection
EndGlobal
